
Microsoft Visual Studio Solution File, Format Version 12.00
# Visual Studio Version 16
VisualStudioVersion = 16.0.30011.22
MinimumVisualStudioVersion = 10.0.40219.1
Project("{FAE04EC0-301F-11D3-BF4B-00C04F79EFBC}") = "BolosEliete", "PizzariaPIMIII\BolosEliete.csproj", "{FED0C415-E329-4FDE-A539-9CA7C8CA14FB}"
EndProject
Project("{FAE04EC0-301F-11D3-BF4B-00C04F79EFBC}") = "Control", "Control\Control.csproj", "{CBF55275-046E-4C75-B1B5-ADBA407881D6}"
EndProject
Project("{FAE04EC0-301F-11D3-BF4B-00C04F79EFBC}") = "Model", "Model\Model.csproj", "{5C0C516D-74A2-40DE-949F-6A65B282091D}"
EndProject
Project("{FAE04EC0-301F-11D3-BF4B-00C04F79EFBC}") = "View", "View\View.csproj", "{DC20F5D7-AD12-4C65-98C0-FD1A0C063014}"
EndProject
Project("{FAE04EC0-301F-11D3-BF4B-00C04F79EFBC}") = "Entities", "Entities\Entities.csproj", "{B2E4CC8D-121B-4D18-A379-39128D948139}"
EndProject
Global
	GlobalSection(SolutionConfigurationPlatforms) = preSolution
		Debug|Any CPU = Debug|Any CPU
		Release|Any CPU = Release|Any CPU
	EndGlobalSection
	GlobalSection(ProjectConfigurationPlatforms) = postSolution
		{FED0C415-E329-4FDE-A539-9CA7C8CA14FB}.Debug|Any CPU.ActiveCfg = Debug|Any CPU
		{FED0C415-E329-4FDE-A539-9CA7C8CA14FB}.Debug|Any CPU.Build.0 = Debug|Any CPU
		{FED0C415-E329-4FDE-A539-9CA7C8CA14FB}.Release|Any CPU.ActiveCfg = Release|Any CPU
		{FED0C415-E329-4FDE-A539-9CA7C8CA14FB}.Release|Any CPU.Build.0 = Release|Any CPU
		{CBF55275-046E-4C75-B1B5-ADBA407881D6}.Debug|Any CPU.ActiveCfg = Debug|Any CPU
		{CBF55275-046E-4C75-B1B5-ADBA407881D6}.Debug|Any CPU.Build.0 = Debug|Any CPU
		{CBF55275-046E-4C75-B1B5-ADBA407881D6}.Release|Any CPU.ActiveCfg = Release|Any CPU
		{CBF55275-046E-4C75-B1B5-ADBA407881D6}.Release|Any CPU.Build.0 = Release|Any CPU
		{5C0C516D-74A2-40DE-949F-6A65B282091D}.Debug|Any CPU.ActiveCfg = Debug|Any CPU
		{5C0C516D-74A2-40DE-949F-6A65B282091D}.Debug|Any CPU.Build.0 = Debug|Any CPU
		{5C0C516D-74A2-40DE-949F-6A65B282091D}.Release|Any CPU.ActiveCfg = Release|Any CPU
		{5C0C516D-74A2-40DE-949F-6A65B282091D}.Release|Any CPU.Build.0 = Release|Any CPU
		{DC20F5D7-AD12-4C65-98C0-FD1A0C063014}.Debug|Any CPU.ActiveCfg = Debug|Any CPU
		{DC20F5D7-AD12-4C65-98C0-FD1A0C063014}.Debug|Any CPU.Build.0 = Debug|Any CPU
		{DC20F5D7-AD12-4C65-98C0-FD1A0C063014}.Release|Any CPU.ActiveCfg = Release|Any CPU
		{DC20F5D7-AD12-4C65-98C0-FD1A0C063014}.Release|Any CPU.Build.0 = Release|Any CPU
		{B2E4CC8D-121B-4D18-A379-39128D948139}.Debug|Any CPU.ActiveCfg = Debug|Any CPU
		{B2E4CC8D-121B-4D18-A379-39128D948139}.Debug|Any CPU.Build.0 = Debug|Any CPU
		{B2E4CC8D-121B-4D18-A379-39128D948139}.Release|Any CPU.ActiveCfg = Release|Any CPU
		{B2E4CC8D-121B-4D18-A379-39128D948139}.Release|Any CPU.Build.0 = Release|Any CPU
	EndGlobalSection
	GlobalSection(SolutionProperties) = preSolution
		HideSolutionNode = FALSE
	EndGlobalSection
	GlobalSection(ExtensibilityGlobals) = postSolution
		SolutionGuid = {3FA96383-B49D-42E5-8E69-30A3287ABA37}
	EndGlobalSection
EndGlobal
